
Microsoft Visual Studio Solution File, Format Version 12.00
# Visual Studio 15
VisualStudioVersion = 15.0.27004.2006
MinimumVisualStudioVersion = 10.0.40219.1
Project("{FAE04EC0-301F-11D3-BF4B-00C04F79EFBC}") = "MyNewTemplate", "MyNewTemplate\MyNewTemplate.csproj", "{BF0E74CA-220F-4B1C-89BE-497DEB9553EF}"
EndProject
Global
	GlobalSection(SolutionConfigurationPlatforms) = preSolution
		Debug|Any CPU = Debug|Any CPU
		Release|Any CPU = Release|Any CPU
	EndGlobalSection
	GlobalSection(ProjectConfigurationPlatforms) = postSolution
		{BF0E74CA-220F-4B1C-89BE-497DEB9553EF}.Debug|Any CPU.ActiveCfg = Debug|Any CPU
		{BF0E74CA-220F-4B1C-89BE-497DEB9553EF}.Debug|Any CPU.Build.0 = Debug|Any CPU
		{BF0E74CA-220F-4B1C-89BE-497DEB9553EF}.Release|Any CPU.ActiveCfg = Release|Any CPU
		{BF0E74CA-220F-4B1C-89BE-497DEB9553EF}.Release|Any CPU.Build.0 = Release|Any CPU
	EndGlobalSection
	GlobalSection(SolutionProperties) = preSolution
		HideSolutionNode = FALSE
	EndGlobalSection
	GlobalSection(ExtensibilityGlobals) = postSolution
		SolutionGuid = {C29FD4F2-837E-42C9-9352-8D80D19D8D10}
	EndGlobalSection
EndGlobal
